
Microsoft Visual Studio Solution File, Format Version 12.00
# Visual Studio 15
VisualStudioVersion = 15.0.27703.2042
MinimumVisualStudioVersion = 10.0.40219.1
Project("{FAE04EC0-301F-11D3-BF4B-00C04F79EFBC}") = "PhotoStructurizationUtility", "PhotoStructurizationUtility\PhotoStructurizationUtility.csproj", "{51194AEA-2852-4C1C-A813-295BA3C5FA11}"
EndProject
Project("{FAE04EC0-301F-11D3-BF4B-00C04F79EFBC}") = "PhotoStructurizationUtility.Kernel", "PhotoStructurizationUtility.Kernel\PhotoStructurizationUtility.Kernel.csproj", "{74E51130-0374-4114-802B-3F09DD953582}"
EndProject
Project("{FAE04EC0-301F-11D3-BF4B-00C04F79EFBC}") = "PhotoStructurizationUtility.App", "PhotoStructurizationUtility.App\PhotoStructurizationUtility.App.csproj", "{C00D8A29-CE77-4A80-BF9F-D9369D75B348}"
EndProject
Global
	GlobalSection(SolutionConfigurationPlatforms) = preSolution
		Debug|Any CPU = Debug|Any CPU
		Release|Any CPU = Release|Any CPU
	EndGlobalSection
	GlobalSection(ProjectConfigurationPlatforms) = postSolution
		{51194AEA-2852-4C1C-A813-295BA3C5FA11}.Debug|Any CPU.ActiveCfg = Debug|Any CPU
		{51194AEA-2852-4C1C-A813-295BA3C5FA11}.Debug|Any CPU.Build.0 = Debug|Any CPU
		{51194AEA-2852-4C1C-A813-295BA3C5FA11}.Release|Any CPU.ActiveCfg = Release|Any CPU
		{51194AEA-2852-4C1C-A813-295BA3C5FA11}.Release|Any CPU.Build.0 = Release|Any CPU
		{74E51130-0374-4114-802B-3F09DD953582}.Debug|Any CPU.ActiveCfg = Debug|Any CPU
		{74E51130-0374-4114-802B-3F09DD953582}.Debug|Any CPU.Build.0 = Debug|Any CPU
		{74E51130-0374-4114-802B-3F09DD953582}.Release|Any CPU.ActiveCfg = Release|Any CPU
		{74E51130-0374-4114-802B-3F09DD953582}.Release|Any CPU.Build.0 = Release|Any CPU
		{C00D8A29-CE77-4A80-BF9F-D9369D75B348}.Debug|Any CPU.ActiveCfg = Debug|Any CPU
		{C00D8A29-CE77-4A80-BF9F-D9369D75B348}.Debug|Any CPU.Build.0 = Debug|Any CPU
		{C00D8A29-CE77-4A80-BF9F-D9369D75B348}.Release|Any CPU.ActiveCfg = Release|Any CPU
		{C00D8A29-CE77-4A80-BF9F-D9369D75B348}.Release|Any CPU.Build.0 = Release|Any CPU
	EndGlobalSection
	GlobalSection(SolutionProperties) = preSolution
		HideSolutionNode = FALSE
	EndGlobalSection
	GlobalSection(ExtensibilityGlobals) = postSolution
		SolutionGuid = {897E2EE9-7F4C-4757-8ADF-95146F17A264}
	EndGlobalSection
EndGlobal
